
Microsoft Visual Studio Solution File, Format Version 12.00
# Visual Studio Version 16
VisualStudioVersion = 16.0.28803.352
MinimumVisualStudioVersion = 10.0.40219.1
Project("{FAE04EC0-301F-11D3-BF4B-00C04F79EFBC}") = "AeroGroovers.View", "AeroGroovers.View\AeroGroovers.View.csproj", "{237D568B-5AAF-450D-A6E9-5A9C13DD78B9}"
EndProject
Project("{FAE04EC0-301F-11D3-BF4B-00C04F79EFBC}") = "AeroGroovers.Model", "AeroGroovers.Model\AeroGroovers.Model.csproj", "{0E4DDD91-4FAF-4604-81E6-EE8FE7475474}"
EndProject
Global
	GlobalSection(SolutionConfigurationPlatforms) = preSolution
		Debug|Any CPU = Debug|Any CPU
		Release|Any CPU = Release|Any CPU
	EndGlobalSection
	GlobalSection(ProjectConfigurationPlatforms) = postSolution
		{237D568B-5AAF-450D-A6E9-5A9C13DD78B9}.Debug|Any CPU.ActiveCfg = Debug|Any CPU
		{237D568B-5AAF-450D-A6E9-5A9C13DD78B9}.Debug|Any CPU.Build.0 = Debug|Any CPU
		{237D568B-5AAF-450D-A6E9-5A9C13DD78B9}.Release|Any CPU.ActiveCfg = Release|Any CPU
		{237D568B-5AAF-450D-A6E9-5A9C13DD78B9}.Release|Any CPU.Build.0 = Release|Any CPU
		{0E4DDD91-4FAF-4604-81E6-EE8FE7475474}.Debug|Any CPU.ActiveCfg = Debug|Any CPU
		{0E4DDD91-4FAF-4604-81E6-EE8FE7475474}.Debug|Any CPU.Build.0 = Debug|Any CPU
		{0E4DDD91-4FAF-4604-81E6-EE8FE7475474}.Release|Any CPU.ActiveCfg = Release|Any CPU
		{0E4DDD91-4FAF-4604-81E6-EE8FE7475474}.Release|Any CPU.Build.0 = Release|Any CPU
	EndGlobalSection
	GlobalSection(SolutionProperties) = preSolution
		HideSolutionNode = FALSE
	EndGlobalSection
	GlobalSection(ExtensibilityGlobals) = postSolution
		SolutionGuid = {A7E59452-BC21-4A42-8C01-A4CE1484F734}
	EndGlobalSection
EndGlobal
